
Microsoft Visual Studio Solution File, Format Version 12.00
# Visual Studio Version 17
VisualStudioVersion = 17.5.002.0
MinimumVisualStudioVersion = 10.0.40219.1
Project("{2150E333-8FDC-42A3-9474-1A3956D46DE8}") = "src", "src", "{234DCF77-18E2-4FB5-8530-BA3673213392}"
EndProject
Project("{9A19103F-16F7-4668-BE54-9A1E7A4F7556}") = "SoundGate", "src\SoundGate\SoundGate.csproj", "{061192B9-5A8F-470E-9EB8-68B06284404B}"
EndProject
Global
	GlobalSection(SolutionConfigurationPlatforms) = preSolution
		Debug|Any CPU = Debug|Any CPU
		Release|Any CPU = Release|Any CPU
	EndGlobalSection
	GlobalSection(ProjectConfigurationPlatforms) = postSolution
		{061192B9-5A8F-470E-9EB8-68B06284404B}.Debug|Any CPU.ActiveCfg = Debug|Any CPU
		{061192B9-5A8F-470E-9EB8-68B06284404B}.Debug|Any CPU.Build.0 = Debug|Any CPU
		{061192B9-5A8F-470E-9EB8-68B06284404B}.Release|Any CPU.ActiveCfg = Release|Any CPU
		{061192B9-5A8F-470E-9EB8-68B06284404B}.Release|Any CPU.Build.0 = Release|Any CPU
	EndGlobalSection
	GlobalSection(SolutionProperties) = preSolution
		HideSolutionNode = FALSE
	EndGlobalSection
	GlobalSection(NestedProjects) = preSolution
		{061192B9-5A8F-470E-9EB8-68B06284404B} = {234DCF77-18E2-4FB5-8530-BA3673213392}
	EndGlobalSection
	GlobalSection(ExtensibilityGlobals) = postSolution
		SolutionGuid = {92F6D475-68F0-44D6-A1AF-A28F5948E381}
	EndGlobalSection
EndGlobal
